
Microsoft Visual Studio Solution File, Format Version 12.00
# Visual Studio Version 17
VisualStudioVersion = 17.9.34723.18
MinimumVisualStudioVersion = 10.0.40219.1
Project("{FAE04EC0-301F-11D3-BF4B-00C04F79EFBC}") = "Backend", "Backend.csproj", "{C3EF3467-93FF-4EC0-8443-C8F8BE39F191}"
EndProject
Global
	GlobalSection(SolutionConfigurationPlatforms) = preSolution
		Debug|Any CPU = Debug|Any CPU
		Release|Any CPU = Release|Any CPU
	EndGlobalSection
	GlobalSection(ProjectConfigurationPlatforms) = postSolution
		{C3EF3467-93FF-4EC0-8443-C8F8BE39F191}.Debug|Any CPU.ActiveCfg = Debug|Any CPU
		{C3EF3467-93FF-4EC0-8443-C8F8BE39F191}.Debug|Any CPU.Build.0 = Debug|Any CPU
		{C3EF3467-93FF-4EC0-8443-C8F8BE39F191}.Release|Any CPU.ActiveCfg = Release|Any CPU
		{C3EF3467-93FF-4EC0-8443-C8F8BE39F191}.Release|Any CPU.Build.0 = Release|Any CPU
	EndGlobalSection
	GlobalSection(SolutionProperties) = preSolution
		HideSolutionNode = FALSE
	EndGlobalSection
	GlobalSection(ExtensibilityGlobals) = postSolution
		SolutionGuid = {47FE6469-DEFE-4B36-979F-B6D0D6E712A4}
	EndGlobalSection
EndGlobal
